
Microsoft Visual Studio Solution File, Format Version 12.00
# Visual Studio Version 17
VisualStudioVersion = 17.5.002.0
MinimumVisualStudioVersion = 10.0.40219.1
Project("{9A19103F-16F7-4668-BE54-9A1E7A4F7556}") = "BookStore1", "BookStore1.csproj", "{167A5B36-1B35-4B13-ACA5-65B32B0551BC}"
EndProject
Project("{FAE04EC0-301F-11D3-BF4B-00C04F79EFBC}") = "web1", "..\web1\web1.csproj", "{7F58B46A-0C65-4F33-A5AD-29B9B9D5D845}"
EndProject
Global
	GlobalSection(SolutionConfigurationPlatforms) = preSolution
		Debug|Any CPU = Debug|Any CPU
		Release|Any CPU = Release|Any CPU
	EndGlobalSection
	GlobalSection(ProjectConfigurationPlatforms) = postSolution
		{167A5B36-1B35-4B13-ACA5-65B32B0551BC}.Debug|Any CPU.ActiveCfg = Debug|Any CPU
		{167A5B36-1B35-4B13-ACA5-65B32B0551BC}.Debug|Any CPU.Build.0 = Debug|Any CPU
		{167A5B36-1B35-4B13-ACA5-65B32B0551BC}.Release|Any CPU.ActiveCfg = Release|Any CPU
		{167A5B36-1B35-4B13-ACA5-65B32B0551BC}.Release|Any CPU.Build.0 = Release|Any CPU
		{7F58B46A-0C65-4F33-A5AD-29B9B9D5D845}.Debug|Any CPU.ActiveCfg = Debug|Any CPU
		{7F58B46A-0C65-4F33-A5AD-29B9B9D5D845}.Debug|Any CPU.Build.0 = Debug|Any CPU
		{7F58B46A-0C65-4F33-A5AD-29B9B9D5D845}.Release|Any CPU.ActiveCfg = Release|Any CPU
		{7F58B46A-0C65-4F33-A5AD-29B9B9D5D845}.Release|Any CPU.Build.0 = Release|Any CPU
	EndGlobalSection
	GlobalSection(SolutionProperties) = preSolution
		HideSolutionNode = FALSE
	EndGlobalSection
	GlobalSection(ExtensibilityGlobals) = postSolution
		SolutionGuid = {F474C8F9-485D-429F-A9D8-DB85F2D02094}
	EndGlobalSection
EndGlobal
